# This is a Gradle generated file for dependency locking.
# Manual edits can break the build and are not advised.
# This file is expected to be part of source control.
org.jetbrains.kotlin:kotlin-native-prebuilt:2.0.21=kotlinNativeBundleConfiguration
org.jetbrains.kotlin:kotlin-stdlib:2.0.21=apiDependenciesMetadata
empty=androidTestApiDependenciesMetadata,androidTestCompileOnlyDependenciesMetadata,androidTestDebugApiDependenciesMetadata,androidTestDebugCompileOnlyDependenciesMetadata,androidTestDebugImplementationDependenciesMetadata,androidTestDebugIntransitiveDependenciesMetadata,androidTestImplementationDependenciesMetadata,androidTestIntransitiveDependenciesMetadata,androidTestReleaseApiDependenciesMetadata,androidTestReleaseCompileOnlyDependenciesMetadata,androidTestReleaseImplementationDependenciesMetadata,androidTestReleaseIntransitiveDependenciesMetadata,androidTestUtil,compileOnlyDependenciesMetadata,coreLibraryDesugaring,debugAndroidTestAnnotationProcessorClasspath,debugAndroidTestApiDependenciesMetadata,debugAndroidTestCompileOnlyDependenciesMetadata,debugAndroidTestImplementationDependenciesMetadata,debugAndroidTestIntransitiveDependenciesMetadata,debugAnnotationProcessorClasspath,debugApiDependenciesMetadata,debugCompileOnlyDependenciesMetadata,debugImplementationDependenciesMetadata,debugIntransitiveDependenciesMetadata,debugUnitTestAnnotationProcessorClasspath,debugUnitTestApiDependenciesMetadata,debugUnitTestCompileOnlyDependenciesMetadata,debugUnitTestImplementationDependenciesMetadata,debugUnitTestIntransitiveDependenciesMetadata,implementationDependenciesMetadata,intransitiveDependenciesMetadata,kotlinCompilerPluginClasspath,kotlinCompilerPluginClasspathDebug,kotlinCompilerPluginClasspathDebugAndroidTest,kotlinCompilerPluginClasspathDebugUnitTest,kotlinCompilerPluginClasspathRelease,kotlinCompilerPluginClasspathReleaseUnitTest,kotlinNativeCompilerPluginClasspath,ktlintReporter,ktlintRuleset,lintChecks,lintPublish,releaseAnnotationProcessorClasspath,releaseApiDependenciesMetadata,releaseCompileOnlyDependenciesMetadata,releaseImplementationDependenciesMetadata,releaseIntransitiveDependenciesMetadata,releaseUnitTestAnnotationProcessorClasspath,releaseUnitTestApiDependenciesMetadata,releaseUnitTestCompileOnlyDependenciesMetadata,releaseUnitTestImplementationDependenciesMetadata,releaseUnitTestIntransitiveDependenciesMetadata,testApiDependenciesMetadata,testCompileOnlyDependenciesMetadata,testDebugApiDependenciesMetadata,testDebugCompileOnlyDependenciesMetadata,testDebugImplementationDependenciesMetadata,testDebugIntransitiveDependenciesMetadata,testFixturesApiDependenciesMetadata,testFixturesCompileOnlyDependenciesMetadata,testFixturesDebugApiDependenciesMetadata,testFixturesDebugCompileOnlyDependenciesMetadata,testFixturesDebugImplementationDependenciesMetadata,testFixturesDebugIntransitiveDependenciesMetadata,testFixturesImplementationDependenciesMetadata,testFixturesIntransitiveDependenciesMetadata,testFixturesReleaseApiDependenciesMetadata,testFixturesReleaseCompileOnlyDependenciesMetadata,testFixturesReleaseImplementationDependenciesMetadata,testFixturesReleaseIntransitiveDependenciesMetadata,testImplementationDependenciesMetadata,testIntransitiveDependenciesMetadata,testReleaseApiDependenciesMetadata,testReleaseCompileOnlyDependenciesMetadata,testReleaseImplementationDependenciesMetadata,testReleaseIntransitiveDependenciesMetadata
